# This file is generated by running "yarn install" inside your project.
# Manual changes might be lost - proceed with caution!

__metadata:
  version: 8
  cacheKey: 10c0

"@babel/runtime@npm:^7.1.2, @babel/runtime@npm:^7.10.2, @babel/runtime@npm:^7.5.5, @babel/runtime@npm:^7.8.7":
  version: 7.17.8
  resolution: "@babel/runtime@npm:7.17.8"
  dependencies:
    regenerator-runtime: "npm:^0.13.4"
  checksum: 10c0/e06384a648b9b8be6a20fd6185b3d96701cd70c2fd43cec71bda8755d16cd087a8e985a408d9d56a36d4cc07e36167745ce63457f33487199328e800a6c64d48
  languageName: node
  linkType: hard

"@emotion/hash@npm:^0.7.1":
  version: 0.7.4
  resolution: "@emotion/hash@npm:0.7.4"
  checksum: 10c0/73d26e957a56f394adb5c0a7533506f29e77561f92da9349c166d4da13cad57a98195b5b3e8953ee1c31a196b33f34df03266b44ca3d6a53c16522b699526322
  languageName: node
  linkType: hard

"@next/env@npm:14.2.15":
  version: 14.2.15
  resolution: "@next/env@npm:14.2.15"
  checksum: 10c0/b1af95941bd7e080276af0901512c8c56b4e157402d2d913feca435c6a6f01130c9f322cca67e5c2b1ca160f54f6c0c4913fb8a3201812a5bb62dbdccae6f8fa
  languageName: node
  linkType: hard

"@next/swc-darwin-arm64@npm:14.2.15":
  version: 14.2.15
  resolution: "@next/swc-darwin-arm64@npm:14.2.15"
  conditions: os=darwin & cpu=arm64
  languageName: node
  linkType: hard

"@next/swc-darwin-x64@npm:14.2.15":
  version: 14.2.15
  resolution: "@next/swc-darwin-x64@npm:14.2.15"
  conditions: os=darwin & cpu=x64
  languageName: node
  linkType: hard

"@next/swc-linux-arm64-gnu@npm:14.2.15":
  version: 14.2.15
  resolution: "@next/swc-linux-arm64-gnu@npm:14.2.15"
  conditions: os=linux & cpu=arm64 & libc=glibc
  languageName: node
  linkType: hard

"@next/swc-linux-arm64-musl@npm:14.2.15":
  version: 14.2.15
  resolution: "@next/swc-linux-arm64-musl@npm:14.2.15"
  conditions: os=linux & cpu=arm64 & libc=musl
  languageName: node
  linkType: hard

"@next/swc-linux-x64-gnu@npm:14.2.15":
  version: 14.2.15
  resolution: "@next/swc-linux-x64-gnu@npm:14.2.15"
  conditions: os=linux & cpu=x64 & libc=glibc
  languageName: node
  linkType: hard

"@next/swc-linux-x64-musl@npm:14.2.15":
  version: 14.2.15
  resolution: "@next/swc-linux-x64-musl@npm:14.2.15"
  conditions: os=linux & cpu=x64 & libc=musl
  languageName: node
  linkType: hard

"@next/swc-win32-arm64-msvc@npm:14.2.15":
  version: 14.2.15
  resolution: "@next/swc-win32-arm64-msvc@npm:14.2.15"
  conditions: os=win32 & cpu=arm64
  languageName: node
  linkType: hard

"@next/swc-win32-ia32-msvc@npm:14.2.15":
  version: 14.2.15
  resolution: "@next/swc-win32-ia32-msvc@npm:14.2.15"
  conditions: os=win32 & cpu=ia32
  languageName: node
  linkType: hard

"@next/swc-win32-x64-msvc@npm:14.2.15":
  version: 14.2.15
  resolution: "@next/swc-win32-x64-msvc@npm:14.2.15"
  conditions: os=win32 & cpu=x64
  languageName: node
  linkType: hard

"@segment/react-tiny-virtual-list@npm:^2.2.1":
  version: 2.2.1
  resolution: "@segment/react-tiny-virtual-list@npm:2.2.1"
  dependencies:
    prop-types: "npm:^15.5.7"
  peerDependencies:
    react: ">=16.3"
  checksum: 10c0/f511cf41b4fd0501733f6b9e9ba14c4d14d349a0a2f07e828282ef9a7909381aec49aa10334e652ad0e9ea548a8840cf96d6f82482f246fa5e69fa903b094b9a
  languageName: node
  linkType: hard

"@swc/counter@npm:^0.1.3":
  version: 0.1.3
  resolution: "@swc/counter@npm:0.1.3"
  checksum: 10c0/8424f60f6bf8694cfd2a9bca45845bce29f26105cda8cf19cdb9fd3e78dc6338699e4db77a89ae449260bafa1cc6bec307e81e7fb96dbf7dcfce0eea55151356
  languageName: node
  linkType: hard

"@swc/helpers@npm:0.5.5":
  version: 0.5.5
  resolution: "@swc/helpers@npm:0.5.5"
  dependencies:
    "@swc/counter": "npm:^0.1.3"
    tslib: "npm:^2.4.0"
  checksum: 10c0/21a9b9cfe7e00865f9c9f3eb4c1cc5b397143464f7abee76a2c5366e591e06b0155b5aac93fe8269ef8d548df253f6fd931e9ddfc0fd12efd405f90f45506e7d
  languageName: node
  linkType: hard

"@types/node@npm:24.5.2":
  version: 24.5.2
  resolution: "@types/node@npm:24.5.2"
  dependencies:
    undici-types: "npm:~7.12.0"
  checksum: 10c0/96baaca6564d39c6f7f6eddd73ce41e2a7594ef37225cd52df3be36fad31712af8ae178387a72d0b80f2e2799e7fd30c014bc0ae9eb9f962d9079b691be00c48
  languageName: node
  linkType: hard

"@types/prop-types@npm:*":
  version: 15.7.4
  resolution: "@types/prop-types@npm:15.7.4"
  checksum: 10c0/014bb826592fab01499931259969aafc21d5a8ff4ece3e3fb8e2b5186bed17656f7dcdccf9a98c27fee74d7d0697aa3f53ea971a72679597f0ca0c3d5ca585d3
  languageName: node
  linkType: hard

"@types/react-dom@npm:^18.3.1":
  version: 18.3.7
  resolution: "@types/react-dom@npm:18.3.7"
  peerDependencies:
    "@types/react": ^18.0.0
  checksum: 10c0/8bd309e2c3d1604a28a736a24f96cbadf6c05d5288cfef8883b74f4054c961b6b3a5e997fd5686e492be903c8f3380dba5ec017eff3906b1256529cd2d39603e
  languageName: node
  linkType: hard

"@types/react-transition-group@npm:^4.4.0":
  version: 4.4.4
  resolution: "@types/react-transition-group@npm:4.4.4"
  dependencies:
    "@types/react": "npm:*"
  checksum: 10c0/0e593863c60550002bb7a5bf60dad719de78580017f87eadf32661d1870345a4ef22e2e37902e05d05955494f2c0cae5ef46510032005e8e969273eee0ae8519
  languageName: node
  linkType: hard

"@types/react@npm:*":
  version: 17.0.43
  resolution: "@types/react@npm:17.0.43"
  dependencies:
    "@types/prop-types": "npm:*"
    "@types/scheduler": "npm:*"
    csstype: "npm:^3.0.2"
  checksum: 10c0/0262fae6519a1ade347e6c2daba900973da8bb5b30275f4eb095c7a1895cfd1e8e0e771722ad24e270e761f66aec8774030606aa521f3854d25e9107f9645736
  languageName: node
  linkType: hard

"@types/react@npm:^18.3.1":
  version: 18.3.31
  resolution: "@types/react@npm:18.3.31"
  dependencies:
    "@types/prop-types": "npm:*"
    csstype: "npm:^3.2.2"
  checksum: 10c0/44180549dd045f536ececd39e39aacdf828e76adc1c4a90b132f453e23cc370c4648d9102ae401172ebd8fd8b1977a901a39e214e53ec77171b27514b588c179
  languageName: node
  linkType: hard

"@types/scheduler@npm:*":
  version: 0.16.2
  resolution: "@types/scheduler@npm:0.16.2"
  checksum: 10c0/89a3a922f03609b61c270d534226791edeedcb1b06f0225d5543ac17830254624ef9d8a97ad05418e4ce549dd545bddf1ff28cb90658ff10721ad14556ca68a5
  languageName: node
  linkType: hard

"arrify@npm:^1.0.1":
  version: 1.0.1
  resolution: "arrify@npm:1.0.1"
  checksum: 10c0/c35c8d1a81bcd5474c0c57fe3f4bad1a4d46a5fa353cedcff7a54da315df60db71829e69104b859dff96c5d68af46bd2be259fe5e50dc6aa9df3b36bea0383ab
  languageName: node
  linkType: hard

"busboy@npm:1.6.0":
  version: 1.6.0
  resolution: "busboy@npm:1.6.0"
  dependencies:
    streamsearch: "npm:^1.1.0"
  checksum: 10c0/fa7e836a2b82699b6e074393428b91ae579d4f9e21f5ac468e1b459a244341d722d2d22d10920cdd849743dbece6dca11d72de939fb75a7448825cf2babfba1f
  languageName: node
  linkType: hard

"caniuse-lite@npm:^1.0.30001579":
  version: 1.0.30001743
  resolution: "caniuse-lite@npm:1.0.30001743"
  checksum: 10c0/1bd730ca10d881a1ca9f55ce864d34c3b18501718c03976e0d3419f4694b715159e13fdef6d58ad47b6d2445d315940f3a01266658876828c820a3331aac021d
  languageName: node
  linkType: hard

"client-only@npm:0.0.1":
  version: 0.0.1
  resolution: "client-only@npm:0.0.1"
  checksum: 10c0/9d6cfd0c19e1c96a434605added99dff48482152af791ec4172fb912a71cff9027ff174efd8cdb2160cc7f377543e0537ffc462d4f279bc4701de3f2a3c4b358
  languageName: node
  linkType: hard

"compute-scroll-into-view@npm:^1.0.14":
  version: 1.0.17
  resolution: "compute-scroll-into-view@npm:1.0.17"
  checksum: 10c0/98ba88a3af2e4d9c39e1a329f9d1615eeed0e528350ce01b63fb43d1c611dfc31c0639f47844dc8e7bf4d429745bce88efbb035ee2116d51d33b33d55d794f0c
  languageName: node
  linkType: hard

"countup.js@npm:^2.8.0":
  version: 2.10.1
  resolution: "countup.js@npm:2.10.1"
  checksum: 10c0/7d702a1c27a55abbb493aef70930c250cf761d3f14d49a2589d5bf3b300aa97a994740ed86f6715e41265d70a747359c5da2818039edf9b6a8ce7c38a299d773
  languageName: node
  linkType: hard

"css-in-js-utils@npm:^2.0.0":
  version: 2.0.1
  resolution: "css-in-js-utils@npm:2.0.1"
  dependencies:
    hyphenate-style-name: "npm:^1.0.2"
    isobject: "npm:^3.0.1"
  checksum: 10c0/6696cda3ebd596fc42ff40059546786936a8cf709e00bc8dedce6cd42c2b3edb19333a5d5bba6ac35b75b58cf55c021cee7ab3ec0f13fb2cf59fbb024ba0894f
  languageName: node
  linkType: hard

"csstype@npm:^3.0.2":
  version: 3.0.11
  resolution: "csstype@npm:3.0.11"
  checksum: 10c0/20a89e20978ce0a9e0e400582fcd4e6ca95fe11a07b2941695218704e51b428558c3016df8c9e4a9e2d7626ec8e0f7cc10126d67b32fc770d4daf7fae9c81b62
  languageName: node
  linkType: hard

"csstype@npm:^3.2.2":
  version: 3.2.3
  resolution: "csstype@npm:3.2.3"
  checksum: 10c0/cd29c51e70fa822f1cecd8641a1445bed7063697469d35633b516e60fe8c1bde04b08f6c5b6022136bb669b64c63d4173af54864510fbb4ee23281801841a3ce
  languageName: node
  linkType: hard

"dom-helpers@npm:^5.0.1":
  version: 5.2.1
  resolution: "dom-helpers@npm:5.2.1"
  dependencies:
    "@babel/runtime": "npm:^7.8.7"
    csstype: "npm:^3.0.2"
  checksum: 10c0/f735074d66dd759b36b158fa26e9d00c9388ee0e8c9b16af941c38f014a37fc80782de83afefd621681b19ac0501034b4f1c4a3bff5caa1b8667f0212b5e124c
  languageName: node
  linkType: hard

"downshift@npm:^5.2.0":
  version: 5.4.7
  resolution: "downshift@npm:5.4.7"
  dependencies:
    "@babel/runtime": "npm:^7.10.2"
    compute-scroll-into-view: "npm:^1.0.14"
    prop-types: "npm:^15.7.2"
    react-is: "npm:^16.13.1"
  peerDependencies:
    react: ">=16.8.0"
  checksum: 10c0/845f696c81a1a28c3763ea8ab3b058615a068f72056cbd19770be1fe45f634632265d856a5315953224d1e16b8bf1d2d6e524d4ef0e7927d18f8a3397b2963b0
  languageName: node
  linkType: hard

"evergreen-ui@npm:^7.1.9":
  version: 7.1.9
  resolution: "evergreen-ui@npm:7.1.9"
  dependencies:
    "@babel/runtime": "npm:^7.1.2"
    "@segment/react-tiny-virtual-list": "npm:^2.2.1"
    "@types/react-transition-group": "npm:^4.4.0"
    arrify: "npm:^1.0.1"
    downshift: "npm:^5.2.0"
    fuzzaldrin-plus: "npm:^0.6.0"
    humanize-plus: "npm:^1.8.2"
    lodash.debounce: "npm:^4.0.8"
    lodash.differencewith: "npm:^4.5.0"
    lodash.isempty: "npm:^4.4.0"
    lodash.merge: "npm:^4.6.2"
    lodash.omit: "npm:^4.5.0"
    lodash.uniqby: "npm:^4.7.0"
    prop-types: "npm:^15.6.2"
    react-fast-compare: "npm:^3.2.0"
    react-transition-group: "npm:^4.4.1"
    ui-box: "npm:^5.4.1"
  peerDependencies:
    react: ^16.8.0 || ^17.0.0 || ^18.0.0
    react-dom: ^16.8.0 || ^17.0.0 || ^18.0.0
    react-is: ^16.8.0 || ^17.0.0 || ^18.0.0
  checksum: 10c0/68f5f50d508b4bd908b4fc2673cc8c64ad99fb53b4e8f8a312cb708b6c1feb35d0013565e3ceb6d55c8696ca8a30106b12967a781e54677755cab7043541301e
  languageName: node
  linkType: hard

"framer-motion@npm:^13.1.1":
  version: 13.1.1
  resolution: "framer-motion@npm:13.1.1"
  dependencies:
    motion-dom: "npm:^13.1.1"
    motion-utils: "npm:^13.0.0"
    tslib: "npm:^2.4.0"
  peerDependencies:
    react: ^18.0.0 || ^19.0.0
    react-dom: ^18.0.0 || ^19.0.0
  peerDependenciesMeta:
    react:
      optional: true
    react-dom:
      optional: true
  checksum: 10c0/db1601442047bbd06286ef9fd5c9af06b4530984dc0cd0f77dffa8590a8dbcac92db05e992b62041455b55db6791bdfba8cd7c0aaa920a2325eba2c277fb7baa
  languageName: node
  linkType: hard

"fuzzaldrin-plus@npm:^0.6.0":
  version: 0.6.0
  resolution: "fuzzaldrin-plus@npm:0.6.0"
  checksum: 10c0/c6bdaf157d9d5f39ed9d587b2f50ff471b1c0852f97e36c9110599cb1ef456215013b17a1e82916d400bc07c1b36baf0add7e04ea640a33589ae0d00ce9107aa
  languageName: node
  linkType: hard

"graceful-fs@npm:^4.2.11":
  version: 4.2.11
  resolution: "graceful-fs@npm:4.2.11"
  checksum: 10c0/386d011a553e02bc594ac2ca0bd6d9e4c22d7fa8cfbfc448a6d148c59ea881b092db9dbe3547ae4b88e55f1b01f7c4a2ecc53b310c042793e63aa44cf6c257f2
  languageName: node
  linkType: hard

"hoagie-mail@workspace:.":
  version: 0.0.0-use.local
  resolution: "hoagie-mail@workspace:."
  dependencies:
    "@types/node": "npm:24.5.2"
    "@types/react": "npm:^18.3.1"
    "@types/react-dom": "npm:^18.3.1"
    evergreen-ui: "npm:^7.1.9"
    framer-motion: "npm:^13.1.1"
    next: "npm:14.2.15"
    next-seo: "npm:^4.26.0"
    prettier: "npm:2.3.2"
    react: "npm:^18.3.1"
    react-countup: "npm:^6.5.3"
    react-dom: "npm:^18.3.1"
    typescript: "npm:^5.7.2"
  languageName: unknown
  linkType: soft

"humanize-plus@npm:^1.8.2":
  version: 1.8.2
  resolution: "humanize-plus@npm:1.8.2"
  checksum: 10c0/d9cfa8d8edef1bbb4a18cdb6ad8ba1507971d346ce4ec3fe99efc46bd3715541e45f32ddc14724c042e2e4d3120c09212a7ed58a8d99d6a0de530777645a22ed
  languageName: node
  linkType: hard

"hyphenate-style-name@npm:^1.0.2":
  version: 1.0.4
  resolution: "hyphenate-style-name@npm:1.0.4"
  checksum: 10c0/b19c3e2cd1dc426f6f893752fec08140abf79058a1b6238422e45373ed81389f02e1a2ba2ef4e9b2430d4e900a0f5ba12307de82320604e81ac1b722abd2ee62
  languageName: node
  linkType: hard

"inline-style-prefixer@npm:^5.0.4":
  version: 5.1.2
  resolution: "inline-style-prefixer@npm:5.1.2"
  dependencies:
    css-in-js-utils: "npm:^2.0.0"
  checksum: 10c0/2f74f596996dd0c4776999d690923fd5fb50f0a0a25b25c9c1e0c555df5f0beb9ddd1790b32486a918a87888a78f978eb36490c455e95b71c6af5c67ba0c8782
  languageName: node
  linkType: hard

"isobject@npm:^3.0.1":
  version: 3.0.1
  resolution: "isobject@npm:3.0.1"
  checksum: 10c0/03344f5064a82f099a0cd1a8a407f4c0d20b7b8485e8e816c39f249e9416b06c322e8dec5b842b6bb8a06de0af9cb48e7bc1b5352f0fadc2f0abac033db3d4db
  languageName: node
  linkType: hard

"js-tokens@npm:^3.0.0 || ^4.0.0":
  version: 4.0.0
  resolution: "js-tokens@npm:4.0.0"
  checksum: 10c0/e248708d377aa058eacf2037b07ded847790e6de892bbad3dac0abba2e759cb9f121b00099a65195616badcb6eca8d14d975cb3e89eb1cfda644756402c8aeed
  languageName: node
  linkType: hard

"lodash.debounce@npm:^4.0.8":
  version: 4.0.8
  resolution: "lodash.debounce@npm:4.0.8"
  checksum: 10c0/762998a63e095412b6099b8290903e0a8ddcb353ac6e2e0f2d7e7d03abd4275fe3c689d88960eb90b0dde4f177554d51a690f22a343932ecbc50a5d111849987
  languageName: node
  linkType: hard

"lodash.differencewith@npm:^4.5.0":
  version: 4.5.0
  resolution: "lodash.differencewith@npm:4.5.0"
  checksum: 10c0/685a51f5e78aa4bb8ff1a22f144b9729e9189ee44d498bd94ab6061885a33efb906436f7e828b50ec91f3b86bd9f35e240da526ec062eac8f7edb42b989c15ed
  languageName: node
  linkType: hard

"lodash.isempty@npm:^4.4.0":
  version: 4.4.0
  resolution: "lodash.isempty@npm:4.4.0"
  checksum: 10c0/6c7eaa0802398736809b9e8aed8b8ac1abca9be71788fd719ba9d7f5b4c23e8dc63b7f049df4131713dda30a2fdedc2f655268e9deb8cd5a985dfc934afca194
  languageName: node
  linkType: hard

"lodash.merge@npm:^4.6.2":
  version: 4.6.2
  resolution: "lodash.merge@npm:4.6.2"
  checksum: 10c0/402fa16a1edd7538de5b5903a90228aa48eb5533986ba7fa26606a49db2572bf414ff73a2c9f5d5fd36b31c46a5d5c7e1527749c07cbcf965ccff5fbdf32c506
  languageName: node
  linkType: hard

"lodash.omit@npm:^4.5.0":
  version: 4.5.0
  resolution: "lodash.omit@npm:4.5.0"
  checksum: 10c0/3808b9b6faae35177174b6ab327f1177e29c91f1e98dcbccf13a72a6767bba337306449d537a4e0d8a33d2673f10d39bc732e30c4b803274ea0c1168ea60e549
  languageName: node
  linkType: hard

"lodash.uniqby@npm:^4.7.0":
  version: 4.7.0
  resolution: "lodash.uniqby@npm:4.7.0"
  checksum: 10c0/c505c0de20ca759599a2ba38710e8fb95ff2d2028e24d86c901ef2c74be8056518571b9b754bfb75053b2818d30dd02243e4a4621a6940c206bbb3f7626db656
  languageName: node
  linkType: hard

"loose-envify@npm:^1.1.0, loose-envify@npm:^1.4.0":
  version: 1.4.0
  resolution: "loose-envify@npm:1.4.0"
  dependencies:
    js-tokens: "npm:^3.0.0 || ^4.0.0"
  bin:
    loose-envify: cli.js
  checksum: 10c0/655d110220983c1a4b9c0c679a2e8016d4b67f6e9c7b5435ff5979ecdb20d0813f4dec0a08674fcbdd4846a3f07edbb50a36811fd37930b94aaa0d9daceb017e
  languageName: node
  linkType: hard

"motion-dom@npm:^13.1.1":
  version: 13.1.1
  resolution: "motion-dom@npm:13.1.1"
  dependencies:
    motion-utils: "npm:^13.0.0"
  checksum: 10c0/c7697e6937920f9f584c04d59fe8589e7bbca18a85d2cf1ec7cf4ee229fb29054dda41bec6db2dde4fdf43436f17cfc2a3bbab06d2d9f8232dfa7921e0382d20
  languageName: node
  linkType: hard

"motion-utils@npm:^13.0.0":
  version: 13.0.0
  resolution: "motion-utils@npm:13.0.0"
  checksum: 10c0/4b279ce85f71926d668ff5966feb898b174541d16952a61c7150982388553266602ecd2a76e057530076ff8f38d06672e585639ddc73c41dd1a67d04aaa3662d
  languageName: node
  linkType: hard

"nanoid@npm:^3.3.6":
  version: 3.3.11
  resolution: "nanoid@npm:3.3.11"
  bin:
    nanoid: bin/nanoid.cjs
  checksum: 10c0/40e7f70b3d15f725ca072dfc4f74e81fcf1fbb02e491cf58ac0c79093adc9b0a73b152bcde57df4b79cd097e13023d7504acb38404a4da7bc1cd8e887b82fe0b
  languageName: node
  linkType: hard

"next-seo@npm:^4.26.0":
  version: 4.29.0
  resolution: "next-seo@npm:4.29.0"
  peerDependencies:
    next: ^8.1.1-canary.54 || >=9.0.0
    react: ">=16.0.0"
    react-dom: ">=16.0.0"
  checksum: 10c0/ad4c0678f8d35ace6d622aa6319b454396b01558f54dd7b1c47b329ef92da871ceb64cc4d1d7d83f18d1d4972ce2e6984e70c01de4ec3a7c7d4d15a398594794
  languageName: node
  linkType: hard

"next@npm:14.2.15":
  version: 14.2.15
  resolution: "next@npm:14.2.15"
  dependencies:
    "@next/env": "npm:14.2.15"
    "@next/swc-darwin-arm64": "npm:14.2.15"
    "@next/swc-darwin-x64": "npm:14.2.15"
    "@next/swc-linux-arm64-gnu": "npm:14.2.15"
    "@next/swc-linux-arm64-musl": "npm:14.2.15"
    "@next/swc-linux-x64-gnu": "npm:14.2.15"
    "@next/swc-linux-x64-musl": "npm:14.2.15"
    "@next/swc-win32-arm64-msvc": "npm:14.2.15"
    "@next/swc-win32-ia32-msvc": "npm:14.2.15"
    "@next/swc-win32-x64-msvc": "npm:14.2.15"
    "@swc/helpers": "npm:0.5.5"
    busboy: "npm:1.6.0"
    caniuse-lite: "npm:^1.0.30001579"
    graceful-fs: "npm:^4.2.11"
    postcss: "npm:8.4.31"
    styled-jsx: "npm:5.1.1"
  peerDependencies:
    "@opentelemetry/api": ^1.1.0
    "@playwright/test": ^1.41.2
    react: ^18.2.0
    react-dom: ^18.2.0
    sass: ^1.3.0
  dependenciesMeta:
    "@next/swc-darwin-arm64":
      optional: true
    "@next/swc-darwin-x64":
      optional: true
    "@next/swc-linux-arm64-gnu":
      optional: true
    "@next/swc-linux-arm64-musl":
      optional: true
    "@next/swc-linux-x64-gnu":
      optional: true
    "@next/swc-linux-x64-musl":
      optional: true
    "@next/swc-win32-arm64-msvc":
      optional: true
    "@next/swc-win32-ia32-msvc":
      optional: true
    "@next/swc-win32-x64-msvc":
      optional: true
  peerDependenciesMeta:
    "@opentelemetry/api":
      optional: true
    "@playwright/test":
      optional: true
    sass:
      optional: true
  bin:
    next: dist/bin/next
  checksum: 10c0/45d02c5a42f70cdbb8fba7a91f602d1852119f85cf5886d01d17e839ef096d42986ac17fe6356ed6e481548035e4eabff13b12818bf3ee38c11f488df579a8b0
  languageName: node
  linkType: hard

"object-assign@npm:^4.1.1":
  version: 4.1.1
  resolution: "object-assign@npm:4.1.1"
  checksum: 10c0/1f4df9945120325d041ccf7b86f31e8bcc14e73d29171e37a7903050e96b81323784ec59f93f102ec635bcf6fa8034ba3ea0a8c7e69fa202b87ae3b6cec5a414
  languageName: node
  linkType: hard

"picocolors@npm:^1.0.0":
  version: 1.1.1
  resolution: "picocolors@npm:1.1.1"
  checksum: 10c0/e2e3e8170ab9d7c7421969adaa7e1b31434f789afb9b3f115f6b96d91945041ac3ceb02e9ec6fe6510ff036bcc0bf91e69a1772edc0b707e12b19c0f2d6bcf58
  languageName: node
  linkType: hard

"postcss@npm:8.4.31":
  version: 8.4.31
  resolution: "postcss@npm:8.4.31"
  dependencies:
    nanoid: "npm:^3.3.6"
    picocolors: "npm:^1.0.0"
    source-map-js: "npm:^1.0.2"
  checksum: 10c0/748b82e6e5fc34034dcf2ae88ea3d11fd09f69b6c50ecdd3b4a875cfc7cdca435c958b211e2cb52355422ab6fccb7d8f2f2923161d7a1b281029e4a913d59acf
  languageName: node
  linkType: hard

"prettier@npm:2.3.2":
  version: 2.3.2
  resolution: "prettier@npm:2.3.2"
  bin:
    prettier: bin-prettier.js
  checksum: 10c0/40f159f05808966ff4c57e147651cf038adb7f5af3fbca8d999b87ccbaeff7d73cf9038a45f667a8c18cbb049c1a980a752fa8987dfd3dcdd66e932e366f40be
  languageName: node
  linkType: hard

"prop-types@npm:^15.5.7, prop-types@npm:^15.6.2, prop-types@npm:^15.7.2":
  version: 15.8.1
  resolution: "prop-types@npm:15.8.1"
  dependencies:
    loose-envify: "npm:^1.4.0"
    object-assign: "npm:^4.1.1"
    react-is: "npm:^16.13.1"
  checksum: 10c0/59ece7ca2fb9838031d73a48d4becb9a7cc1ed10e610517c7d8f19a1e02fa47f7c27d557d8a5702bec3cfeccddc853579832b43f449e54635803f277b1c78077
  languageName: node
  linkType: hard

"react-countup@npm:^6.5.3":
  version: 6.5.3
  resolution: "react-countup@npm:6.5.3"
  dependencies:
    countup.js: "npm:^2.8.0"
  peerDependencies:
    react: ">= 16.3.0"
  checksum: 10c0/d18beba2a7dc5f2dce346d47c90e76570f862a7f49acb7ad73028acfd584f691c84dde3b1c8743181d158636a20a7b9201ad8c6c8b4d310ff02ca68eaccf997f
  languageName: node
  linkType: hard

"react-dom@npm:^18.3.1":
  version: 18.3.1
  resolution: "react-dom@npm:18.3.1"
  dependencies:
    loose-envify: "npm:^1.1.0"
    scheduler: "npm:^0.23.2"
  peerDependencies:
    react: ^18.3.1
  checksum: 10c0/a752496c1941f958f2e8ac56239172296fcddce1365ce45222d04a1947e0cc5547df3e8447f855a81d6d39f008d7c32eab43db3712077f09e3f67c4874973e85
  languageName: node
  linkType: hard

"react-fast-compare@npm:^3.2.0":
  version: 3.2.0
  resolution: "react-fast-compare@npm:3.2.0"
  checksum: 10c0/2a7d75ce9fb5da1e3c01f74a5cd592f3369a8cc8d44e93654bf147ab221f430238e8be70677e896f2bfcb96a1cb7a47a8d05d84633de764a9d57d27005a4bb9e
  languageName: node
  linkType: hard

"react-is@npm:^16.13.1":
  version: 16.13.1
  resolution: "react-is@npm:16.13.1"
  checksum: 10c0/33977da7a5f1a287936a0c85639fec6ca74f4f15ef1e59a6bc20338fc73dc69555381e211f7a3529b8150a1f71e4225525b41b60b52965bda53ce7d47377ada1
  languageName: node
  linkType: hard

"react-transition-group@npm:^4.4.1":
  version: 4.4.2
  resolution: "react-transition-group@npm:4.4.2"
  dependencies:
    "@babel/runtime": "npm:^7.5.5"
    dom-helpers: "npm:^5.0.1"
    loose-envify: "npm:^1.4.0"
    prop-types: "npm:^15.6.2"
  peerDependencies:
    react: ">=16.6.0"
    react-dom: ">=16.6.0"
  checksum: 10c0/afaf835854526065d246532714a3833a7c5fbcf21303e1479008ff6f1ec1ae44ecd151f74f357c60511a1e49de65cb9b81bf4d7858b9ee19e636b9a62a6daaa4
  languageName: node
  linkType: hard

"react@npm:^18.3.1":
  version: 18.3.1
  resolution: "react@npm:18.3.1"
  dependencies:
    loose-envify: "npm:^1.1.0"
  checksum: 10c0/283e8c5efcf37802c9d1ce767f302dd569dd97a70d9bb8c7be79a789b9902451e0d16334b05d73299b20f048cbc3c7d288bbbde10b701fa194e2089c237dbea3
  languageName: node
  linkType: hard

"regenerator-runtime@npm:^0.13.4":
  version: 0.13.9
  resolution: "regenerator-runtime@npm:0.13.9"
  checksum: 10c0/b0f26612204f061a84064d2f3361629eae09993939112b9ffc3680bb369ecd125764d6654eace9ef11b36b44282ee52b988dda946ea52d372e7599a30eea73ee
  languageName: node
  linkType: hard

"scheduler@npm:^0.23.2":
  version: 0.23.2
  resolution: "scheduler@npm:0.23.2"
  dependencies:
    loose-envify: "npm:^1.1.0"
  checksum: 10c0/26383305e249651d4c58e6705d5f8425f153211aef95f15161c151f7b8de885f24751b377e4a0b3dd42cce09aad3f87a61dab7636859c0d89b7daf1a1e2a5c78
  languageName: node
  linkType: hard

"source-map-js@npm:^1.0.2":
  version: 1.2.1
  resolution: "source-map-js@npm:1.2.1"
  checksum: 10c0/7bda1fc4c197e3c6ff17de1b8b2c20e60af81b63a52cb32ec5a5d67a20a7d42651e2cb34ebe93833c5a2a084377e17455854fee3e21e7925c64a51b6a52b0faf
  languageName: node
  linkType: hard

"streamsearch@npm:^1.1.0":
  version: 1.1.0
  resolution: "streamsearch@npm:1.1.0"
  checksum: 10c0/fbd9aecc2621364384d157f7e59426f4bfd385e8b424b5aaa79c83a6f5a1c8fd2e4e3289e95de1eb3511cb96bb333d6281a9919fafce760e4edb35b2cd2facab
  languageName: node
  linkType: hard

"styled-jsx@npm:5.1.1":
  version: 5.1.1
  resolution: "styled-jsx@npm:5.1.1"
  dependencies:
    client-only: "npm:0.0.1"
  peerDependencies:
    react: ">= 16.8.0 || 17.x.x || ^18.0.0-0"
  peerDependenciesMeta:
    "@babel/core":
      optional: true
    babel-plugin-macros:
      optional: true
  checksum: 10c0/42655cdadfa5388f8a48bb282d6b450df7d7b8cf066ac37038bd0499d3c9f084815ebd9ff9dfa12a218fd4441338851db79603498d7557207009c1cf4d609835
  languageName: node
  linkType: hard

"tslib@npm:^2.4.0":
  version: 2.8.1
  resolution: "tslib@npm:2.8.1"
  checksum: 10c0/9c4759110a19c53f992d9aae23aac5ced636e99887b51b9e61def52611732872ff7668757d4e4c61f19691e36f4da981cd9485e869b4a7408d689f6bf1f14e62
  languageName: node
  linkType: hard

"typescript@npm:^5.7.2":
  version: 5.9.2
  resolution: "typescript@npm:5.9.2"
  bin:
    tsc: bin/tsc
    tsserver: bin/tsserver
  checksum: 10c0/cd635d50f02d6cf98ed42de2f76289701c1ec587a363369255f01ed15aaf22be0813226bff3c53e99d971f9b540e0b3cc7583dbe05faded49b1b0bed2f638a18
  languageName: node
  linkType: hard

"typescript@patch:typescript@npm%3A^5.7.2#optional!builtin<compat/typescript>":
  version: 5.9.2
  resolution: "typescript@patch:typescript@npm%3A5.9.2#optional!builtin<compat/typescript>::version=5.9.2&hash=5786d5"
  bin:
    tsc: bin/tsc
    tsserver: bin/tsserver
  checksum: 10c0/34d2a8e23eb8e0d1875072064d5e1d9c102e0bdce56a10a25c0b917b8aa9001a9cf5c225df12497e99da107dc379360bc138163c66b55b95f5b105b50578067e
  languageName: node
  linkType: hard

"ui-box@npm:^5.4.1":
  version: 5.4.1
  resolution: "ui-box@npm:5.4.1"
  dependencies:
    "@emotion/hash": "npm:^0.7.1"
    inline-style-prefixer: "npm:^5.0.4"
    prop-types: "npm:^15.7.2"
  peerDependencies:
    react: ^16.0.0 || ^17.0.0 || ^18.0.0
  checksum: 10c0/d75b1b20243162845c17ebaba50463d640ff63dc4d76405369ad49ca700716fbd2979fc9bcd9b8b959bca2a8f4a11e844ed73e1f90205a7fd11ee4483c58ad70
  languageName: node
  linkType: hard

"undici-types@npm:~7.12.0":
  version: 7.12.0
  resolution: "undici-types@npm:7.12.0"
  checksum: 10c0/326e455bbc0026db1d6b81c76a1cf10c63f7e2f9821db2e24fdc258f482814e5bfa8481f8910d07c68e305937c5c049610fdc441c5e8b7bb0daca7154fb8a306
  languageName: node
  linkType: hard
