# THIS IS AN AUTOGENERATED FILE. DO NOT EDIT THIS FILE DIRECTLY.
# yarn lockfile v1


"@babel/runtime@^7.1.2", "@babel/runtime@^7.10.2", "@babel/runtime@^7.5.5", "@babel/runtime@^7.8.7":
  version "7.17.8"
  resolved "https://registry.yarnpkg.com/@babel/runtime/-/runtime-7.17.8.tgz#3e56e4aff81befa55ac3ac6a0967349fd1c5bca2"
  integrity sha512-dQpEpK0O9o6lj6oPu0gRDbbnk+4LeHlNcBpspf6Olzt3GIX4P1lWF1gS+pHLDFlaJvbR6q7jCfQ08zA4QJBnmA==
  dependencies:
    regenerator-runtime "^0.13.4"

"@emotion/hash@^0.7.1":
  version "0.7.4"
  resolved "https://registry.yarnpkg.com/@emotion/hash/-/hash-0.7.4.tgz#f14932887422c9056b15a8d222a9074a7dfa2831"
  integrity sha512-fxfMSBMX3tlIbKUdtGKxqB1fyrH6gVrX39Gsv3y8lRYKUqlgDt3UMqQyGnR1bQMa2B8aGnhLZokZgg8vT0Le+A==

"@next/env@14.2.15":
  version "14.2.15"
  resolved "https://registry.yarnpkg.com/@next/env/-/env-14.2.15.tgz#06d984e37e670d93ddd6790af1844aeb935f332f"
  integrity sha512-S1qaj25Wru2dUpcIZMjxeMVSwkt8BK4dmWHHiBuRstcIyOsMapqT4A4jSB6onvqeygkSSmOkyny9VVx8JIGamQ==

"@next/swc-darwin-arm64@14.2.15":
  version "14.2.15"
  resolved "https://registry.yarnpkg.com/@next/swc-darwin-arm64/-/swc-darwin-arm64-14.2.15.tgz#6386d585f39a1c490c60b72b1f76612ba4434347"
  integrity sha512-Rvh7KU9hOUBnZ9TJ28n2Oa7dD9cvDBKua9IKx7cfQQ0GoYUwg9ig31O2oMwH3wm+pE3IkAQ67ZobPfEgurPZIA==

"@next/swc-darwin-x64@14.2.15":
  version "14.2.15"
  resolved "https://registry.yarnpkg.com/@next/swc-darwin-x64/-/swc-darwin-x64-14.2.15.tgz#b7baeedc6a28f7545ad2bc55adbab25f7b45cb89"
  integrity sha512-5TGyjFcf8ampZP3e+FyCax5zFVHi+Oe7sZyaKOngsqyaNEpOgkKB3sqmymkZfowy3ufGA/tUgDPPxpQx931lHg==

"@next/swc-linux-arm64-gnu@14.2.15":
  version "14.2.15"
  resolved "https://registry.yarnpkg.com/@next/swc-linux-arm64-gnu/-/swc-linux-arm64-gnu-14.2.15.tgz#fa13c59d3222f70fb4cb3544ac750db2c6e34d02"
  integrity sha512-3Bwv4oc08ONiQ3FiOLKT72Q+ndEMyLNsc/D3qnLMbtUYTQAmkx9E/JRu0DBpHxNddBmNT5hxz1mYBphJ3mfrrw==

"@next/swc-linux-arm64-musl@14.2.15":
  version "14.2.15"
  resolved "https://registry.yarnpkg.com/@next/swc-linux-arm64-musl/-/swc-linux-arm64-musl-14.2.15.tgz#30e45b71831d9a6d6d18d7ac7d611a8d646a17f9"
  integrity sha512-k5xf/tg1FBv/M4CMd8S+JL3uV9BnnRmoe7F+GWC3DxkTCD9aewFRH1s5rJ1zkzDa+Do4zyN8qD0N8c84Hu96FQ==

"@next/swc-linux-x64-gnu@14.2.15":
  version "14.2.15"
  resolved "https://registry.yarnpkg.com/@next/swc-linux-x64-gnu/-/swc-linux-x64-gnu-14.2.15.tgz#5065db17fc86f935ad117483f21f812dc1b39254"
  integrity sha512-kE6q38hbrRbKEkkVn62reLXhThLRh6/TvgSP56GkFNhU22TbIrQDEMrO7j0IcQHcew2wfykq8lZyHFabz0oBrA==

"@next/swc-linux-x64-musl@14.2.15":
  version "14.2.15"
  resolved "https://registry.yarnpkg.com/@next/swc-linux-x64-musl/-/swc-linux-x64-musl-14.2.15.tgz#3c4a4568d8be7373a820f7576cf33388b5dab47e"
  integrity sha512-PZ5YE9ouy/IdO7QVJeIcyLn/Rc4ml9M2G4y3kCM9MNf1YKvFY4heg3pVa/jQbMro+tP6yc4G2o9LjAz1zxD7tQ==

"@next/swc-win32-arm64-msvc@14.2.15":
  version "14.2.15"
  resolved "https://registry.yarnpkg.com/@next/swc-win32-arm64-msvc/-/swc-win32-arm64-msvc-14.2.15.tgz#fb812cc4ca0042868e32a6a021da91943bb08b98"
  integrity sha512-2raR16703kBvYEQD9HNLyb0/394yfqzmIeyp2nDzcPV4yPjqNUG3ohX6jX00WryXz6s1FXpVhsCo3i+g4RUX+g==

"@next/swc-win32-ia32-msvc@14.2.15":
  version "14.2.15"
  resolved "https://registry.yarnpkg.com/@next/swc-win32-ia32-msvc/-/swc-win32-ia32-msvc-14.2.15.tgz#ec26e6169354f8ced240c1427be7fd485c5df898"
  integrity sha512-fyTE8cklgkyR1p03kJa5zXEaZ9El+kDNM5A+66+8evQS5e/6v0Gk28LqA0Jet8gKSOyP+OTm/tJHzMlGdQerdQ==

"@next/swc-win32-x64-msvc@14.2.15":
  version "14.2.15"
  resolved "https://registry.yarnpkg.com/@next/swc-win32-x64-msvc/-/swc-win32-x64-msvc-14.2.15.tgz#18d68697002b282006771f8d92d79ade9efd35c4"
  integrity sha512-SzqGbsLsP9OwKNUG9nekShTwhj6JSB9ZLMWQ8g1gG6hdE5gQLncbnbymrwy2yVmH9nikSLYRYxYMFu78Ggp7/g==

"@segment/react-tiny-virtual-list@^2.2.1":
  version "2.2.1"
  resolved "https://registry.yarnpkg.com/@segment/react-tiny-virtual-list/-/react-tiny-virtual-list-2.2.1.tgz#658da8a93cfb83537235c89307818d6f1741aeb3"
  integrity sha512-G01b9DrsQLF+8yFRyyJeZBZkzbFuqILG9C7SFFS+GtTFbjdprkHt0CL0riCPOZfe1ZXiT8z8MaKoWfNhrfUjhQ==
  dependencies:
    prop-types "^15.5.7"

"@swc/counter@^0.1.3":
  version "0.1.3"
  resolved "https://registry.yarnpkg.com/@swc/counter/-/counter-0.1.3.tgz#cc7463bd02949611c6329596fccd2b0ec782b0e9"
  integrity sha512-e2BR4lsJkkRlKZ/qCHPw9ZaSxc0MVUd7gtbtaB7aMvHeJVYe8sOB8DBZkP2DtISHGSku9sCK6T6cnY0CtXrOCQ==

"@swc/helpers@0.5.5":
  version "0.5.5"
  resolved "https://registry.yarnpkg.com/@swc/helpers/-/helpers-0.5.5.tgz#12689df71bfc9b21c4f4ca00ae55f2f16c8b77c0"
  integrity sha512-KGYxvIOXcceOAbEk4bi/dVLEK9z8sZ0uBB3Il5b1rhfClSpcX0yfRO0KmTkqR2cnQDymwLB+25ZyMzICg/cm/A==
  dependencies:
    "@swc/counter" "^0.1.3"
    tslib "^2.4.0"

"@types/node@24.5.2":
  version "24.5.2"
  resolved "https://registry.yarnpkg.com/@types/node/-/node-24.5.2.tgz#52ceb83f50fe0fcfdfbd2a9fab6db2e9e7ef6446"
  integrity sha512-FYxk1I7wPv3K2XBaoyH2cTnocQEu8AOZ60hPbsyukMPLv5/5qr7V1i8PLHdl6Zf87I+xZXFvPCXYjiTFq+YSDQ==
  dependencies:
    undici-types "~7.12.0"

"@types/prop-types@*":
  version "15.7.4"
  resolved "https://registry.yarnpkg.com/@types/prop-types/-/prop-types-15.7.4.tgz#fcf7205c25dff795ee79af1e30da2c9790808f11"
  integrity sha512-rZ5drC/jWjrArrS8BR6SIr4cWpW09RNTYt9AMZo3Jwwif+iacXAqgVjm0B0Bv/S1jhDXKHqRVNCbACkJ89RAnQ==

"@types/react-transition-group@^4.4.0":
  version "4.4.4"
  resolved "https://registry.yarnpkg.com/@types/react-transition-group/-/react-transition-group-4.4.4.tgz#acd4cceaa2be6b757db61ed7b432e103242d163e"
  integrity sha512-7gAPz7anVK5xzbeQW9wFBDg7G++aPLAFY0QaSMOou9rJZpbuI58WAuJrgu+qR92l61grlnCUe7AFX8KGahAgug==
  dependencies:
    "@types/react" "*"

"@types/react@*":
  version "17.0.43"
  resolved "https://registry.yarnpkg.com/@types/react/-/react-17.0.43.tgz#4adc142887dd4a2601ce730bc56c3436fdb07a55"
  integrity sha512-8Q+LNpdxf057brvPu1lMtC5Vn7J119xrP1aq4qiaefNioQUYANF/CYeK4NsKorSZyUGJ66g0IM+4bbjwx45o2A==
  dependencies:
    "@types/prop-types" "*"
    "@types/scheduler" "*"
    csstype "^3.0.2"

"@types/scheduler@*":
  version "0.16.2"
  resolved "https://registry.yarnpkg.com/@types/scheduler/-/scheduler-0.16.2.tgz#1a62f89525723dde24ba1b01b092bf5df8ad4d39"
  integrity sha512-hppQEBDmlwhFAXKJX2KnWLYu5yMfi91yazPb2l+lbJiwW+wdo1gNeRA+3RgNSO39WYX2euey41KEwnqesU2Jew==

arrify@^1.0.1:
  version "1.0.1"
  resolved "https://registry.yarnpkg.com/arrify/-/arrify-1.0.1.tgz#898508da2226f380df904728456849c1501a4b0d"
  integrity sha1-iYUI2iIm84DfkEcoRWhJwVAaSw0=

busboy@1.6.0:
  version "1.6.0"
  resolved "https://registry.yarnpkg.com/busboy/-/busboy-1.6.0.tgz#966ea36a9502e43cdb9146962523b92f531f6893"
  integrity sha512-8SFQbg/0hQ9xy3UNTB0YEnsNBbWfhf7RtnzpL7TkBiTBRfrQ9Fxcnz7VJsleJpyp6rVLvXiuORqjlHi5q+PYuA==
  dependencies:
    streamsearch "^1.1.0"

caniuse-lite@^1.0.30001579:
  version "1.0.30001743"
  resolved "https://registry.yarnpkg.com/caniuse-lite/-/caniuse-lite-1.0.30001743.tgz#50ff91a991220a1ee2df5af00650dd5c308ea7cd"
  integrity sha512-e6Ojr7RV14Un7dz6ASD0aZDmQPT/A+eZU+nuTNfjqmRrmkmQlnTNWH0SKmqagx9PeW87UVqapSurtAXifmtdmw==

client-only@0.0.1:
  version "0.0.1"
  resolved "https://registry.yarnpkg.com/client-only/-/client-only-0.0.1.tgz#38bba5d403c41ab150bff64a95c85013cf73bca1"
  integrity sha512-IV3Ou0jSMzZrd3pZ48nLkT9DA7Ag1pnPzaiQhpW7c3RbcqqzvzzVu+L8gfqMp/8IM2MQtSiqaCxrrcfu8I8rMA==

compute-scroll-into-view@^1.0.14:
  version "1.0.17"
  resolved "https://registry.yarnpkg.com/compute-scroll-into-view/-/compute-scroll-into-view-1.0.17.tgz#6a88f18acd9d42e9cf4baa6bec7e0522607ab7ab"
  integrity sha512-j4dx+Fb0URmzbwwMUrhqWM2BEWHdFGx+qZ9qqASHRPqvTYdqvWnHg0H1hIbcyLnvgnoNAVMlwkepyqM3DaIFUg==

css-in-js-utils@^2.0.0:
  version "2.0.1"
  resolved "https://registry.yarnpkg.com/css-in-js-utils/-/css-in-js-utils-2.0.1.tgz#3b472b398787291b47cfe3e44fecfdd9e914ba99"
  integrity sha512-PJF0SpJT+WdbVVt0AOYp9C8GnuruRlL/UFW7932nLWmFLQTaWEzTBQEx7/hn4BuV+WON75iAViSUJLiU3PKbpA==
  dependencies:
    hyphenate-style-name "^1.0.2"
    isobject "^3.0.1"

csstype@^3.0.2:
  version "3.0.11"
  resolved "https://registry.yarnpkg.com/csstype/-/csstype-3.0.11.tgz#d66700c5eacfac1940deb4e3ee5642792d85cd33"
  integrity sha512-sa6P2wJ+CAbgyy4KFssIb/JNMLxFvKF1pCYCSXS8ZMuqZnMsrxqI2E5sPyoTpxoPU/gVZMzr2zjOfg8GIZOMsw==

dom-helpers@^5.0.1:
  version "5.2.1"
  resolved "https://registry.yarnpkg.com/dom-helpers/-/dom-helpers-5.2.1.tgz#d9400536b2bf8225ad98fe052e029451ac40e902"
  integrity sha512-nRCa7CK3VTrM2NmGkIy4cbK7IZlgBE/PYMn55rrXefr5xXDP0LdtfPnblFDoVdcAfslJ7or6iqAUnx0CCGIWQA==
  dependencies:
    "@babel/runtime" "^7.8.7"
    csstype "^3.0.2"

downshift@^5.2.0:
  version "5.4.7"
  resolved "https://registry.yarnpkg.com/downshift/-/downshift-5.4.7.tgz#2ab7b0512cad33011ee6f29630f9a7bb74dff2b5"
  integrity sha512-xaH0RNqwJ5pAsyk9qBmR9XJWmg1OOWMfrhzYv0NH2NjJxn77S3zBcfClw341UfhGyKg5v+qVqg/CQzvAgBNCXQ==
  dependencies:
    "@babel/runtime" "^7.10.2"
    compute-scroll-into-view "^1.0.14"
    prop-types "^15.7.2"
    react-is "^16.13.1"

evergreen-ui@^7.1.9:
  version "7.1.9"
  resolved "https://registry.yarnpkg.com/evergreen-ui/-/evergreen-ui-7.1.9.tgz#1d967fa62098c0bf5801d94260a725551bcc964b"
  integrity sha512-/2ltUobNMDRfjteUwG6Xbb2N27DgaNCq4gOipPcmU6Z1w6xL3NLTGLKW28hqAcwvxHADr4ExkXMOP8Uu/szefg==
  dependencies:
    "@babel/runtime" "^7.1.2"
    "@segment/react-tiny-virtual-list" "^2.2.1"
    "@types/react-transition-group" "^4.4.0"
    arrify "^1.0.1"
    downshift "^5.2.0"
    fuzzaldrin-plus "^0.6.0"
    humanize-plus "^1.8.2"
    lodash.debounce "^4.0.8"
    lodash.differencewith "^4.5.0"
    lodash.isempty "^4.4.0"
    lodash.merge "^4.6.2"
    lodash.omit "^4.5.0"
    lodash.uniqby "^4.7.0"
    prop-types "^15.6.2"
    react-fast-compare "^3.2.0"
    react-transition-group "^4.4.1"
    ui-box "^5.4.1"

fuzzaldrin-plus@^0.6.0:
  version "0.6.0"
  resolved "https://registry.yarnpkg.com/fuzzaldrin-plus/-/fuzzaldrin-plus-0.6.0.tgz#832f6489fbe876769459599c914a670ec22947ee"
  integrity sha1-gy9kifvodnaUWVmckUpnDsIpR+4=

graceful-fs@^4.2.11:
  version "4.2.11"
  resolved "https://registry.yarnpkg.com/graceful-fs/-/graceful-fs-4.2.11.tgz#4183e4e8bf08bb6e05bbb2f7d2e0c8f712ca40e3"
  integrity sha512-RbJ5/jmFcNNCcDV5o9eTnBLJ/HszWV0P73bc+Ff4nS/rJj+YaS6IGyiOL0VoBYX+l1Wrl3k63h/KrH+nhJ0XvQ==

humanize-plus@^1.8.2:
  version "1.8.2"
  resolved "https://registry.yarnpkg.com/humanize-plus/-/humanize-plus-1.8.2.tgz#a65b34459ad6367adbb3707a82a3c9f916167030"
  integrity sha1-pls0RZrWNnrbs3B6gqPJ+RYWcDA=

hyphenate-style-name@^1.0.2:
  version "1.0.4"
  resolved "https://registry.yarnpkg.com/hyphenate-style-name/-/hyphenate-style-name-1.0.4.tgz#691879af8e220aea5750e8827db4ef62a54e361d"
  integrity sha512-ygGZLjmXfPHj+ZWh6LwbC37l43MhfztxetbFCoYTM2VjkIUpeHgSNn7QIyVFj7YQ1Wl9Cbw5sholVJPzWvC2MQ==

inline-style-prefixer@^5.0.4:
  version "5.1.2"
  resolved "https://registry.yarnpkg.com/inline-style-prefixer/-/inline-style-prefixer-5.1.2.tgz#e5a5a3515e25600e016b71e39138971228486c33"
  integrity sha512-PYUF+94gDfhy+LsQxM0g3d6Hge4l1pAqOSOiZuHWzMvQEGsbRQ/ck2WioLqrY2ZkHyPgVUXxn+hrkF7D6QUGbA==
  dependencies:
    css-in-js-utils "^2.0.0"

isobject@^3.0.1:
  version "3.0.1"
  resolved "https://registry.yarnpkg.com/isobject/-/isobject-3.0.1.tgz#4e431e92b11a9731636aa1f9c8d1ccbcfdab78df"
  integrity sha1-TkMekrEalzFjaqH5yNHMvP2reN8=

"js-tokens@^3.0.0 || ^4.0.0":
  version "4.0.0"
  resolved "https://registry.yarnpkg.com/js-tokens/-/js-tokens-4.0.0.tgz#19203fb59991df98e3a287050d4647cdeaf32499"
  integrity sha512-RdJUflcE3cUzKiMqQgsCu06FPu9UdIJO0beYbPhHN4k6apgJtifcoCtT9bcxOpYBtpD2kCM6Sbzg4CausW/PKQ==

lodash.debounce@^4.0.8:
  version "4.0.8"
  resolved "https://registry.yarnpkg.com/lodash.debounce/-/lodash.debounce-4.0.8.tgz#82d79bff30a67c4005ffd5e2515300ad9ca4d7af"
  integrity sha1-gteb/zCmfEAF/9XiUVMArZyk168=

lodash.differencewith@^4.5.0:
  version "4.5.0"
  resolved "https://registry.yarnpkg.com/lodash.differencewith/-/lodash.differencewith-4.5.0.tgz#bafafbc918b55154e179176a00bb0aefaac854b7"
  integrity sha1-uvr7yRi1UVTheRdqALsK76rIVLc=

lodash.isempty@^4.4.0:
  version "4.4.0"
  resolved "https://registry.yarnpkg.com/lodash.isempty/-/lodash.isempty-4.4.0.tgz#6f86cbedd8be4ec987be9aaf33c9684db1b31e7e"
  integrity sha1-b4bL7di+TsmHvpqvM8loTbGzHn4=

lodash.merge@^4.6.2:
  version "4.6.2"
  resolved "https://registry.yarnpkg.com/lodash.merge/-/lodash.merge-4.6.2.tgz#558aa53b43b661e1925a0afdfa36a9a1085fe57a"
  integrity sha512-0KpjqXRVvrYyCsX1swR/XTK0va6VQkQM6MNo7PqW77ByjAhoARA8EfrP1N4+KlKj8YS0ZUCtRT/YUuhyYDujIQ==

lodash.omit@^4.5.0:
  version "4.5.0"
  resolved "https://registry.yarnpkg.com/lodash.omit/-/lodash.omit-4.5.0.tgz#6eb19ae5a1ee1dd9df0b969e66ce0b7fa30b5e60"
  integrity sha512-XeqSp49hNGmlkj2EJlfrQFIzQ6lXdNro9sddtQzcJY8QaoC2GO0DT7xaIokHeyM+mIT0mPMlPvkYzg2xCuHdZg==

lodash.uniqby@^4.7.0:
  version "4.7.0"
  resolved "https://registry.yarnpkg.com/lodash.uniqby/-/lodash.uniqby-4.7.0.tgz#d99c07a669e9e6d24e1362dfe266c67616af1302"
  integrity sha1-2ZwHpmnp5tJOE2Lf4mbGdhavEwI=

loose-envify@^1.1.0, loose-envify@^1.4.0:
  version "1.4.0"
  resolved "https://registry.yarnpkg.com/loose-envify/-/loose-envify-1.4.0.tgz#71ee51fa7be4caec1a63839f7e682d8132d30caf"
  integrity sha512-lyuxPGr/Wfhrlem2CL/UcnUc1zcqKAImBDzukY7Y5F/yQiNdko6+fRLevlw1HgMySw7f611UIY408EtxRSoK3Q==
  dependencies:
    js-tokens "^3.0.0 || ^4.0.0"

nanoid@^3.3.6:
  version "3.3.11"
  resolved "https://registry.yarnpkg.com/nanoid/-/nanoid-3.3.11.tgz#4f4f112cefbe303202f2199838128936266d185b"
  integrity sha512-N8SpfPUnUp1bK+PMYW8qSWdl9U+wwNWI4QKxOYDy9JAro3WMX7p2OeVRF9v+347pnakNevPmiHhNmZ2HbFA76w==

next-seo@^4.26.0:
  version "4.29.0"
  resolved "https://registry.yarnpkg.com/next-seo/-/next-seo-4.29.0.tgz#d281e95ba47914117cc99e9e468599f0547d9b9b"
  integrity sha512-xmwzcz4uHaYJ8glbuhs6FSBQ7z3irmdPYdJJ5saWm72Uy3o+mPKGaPCXQetTCE6/xxVnpoDV4yFtFlEjUcljSg==

next@14.2.15:
  version "14.2.15"
  resolved "https://registry.yarnpkg.com/next/-/next-14.2.15.tgz#348e5603e22649775d19c785c09a89c9acb5189a"
  integrity sha512-h9ctmOokpoDphRvMGnwOJAedT6zKhwqyZML9mDtspgf4Rh3Pn7UTYKqePNoDvhsWBAO5GoPNYshnAUGIazVGmw==
  dependencies:
    "@next/env" "14.2.15"
    "@swc/helpers" "0.5.5"
    busboy "1.6.0"
    caniuse-lite "^1.0.30001579"
    graceful-fs "^4.2.11"
    postcss "8.4.31"
    styled-jsx "5.1.1"
  optionalDependencies:
    "@next/swc-darwin-arm64" "14.2.15"
    "@next/swc-darwin-x64" "14.2.15"
    "@next/swc-linux-arm64-gnu" "14.2.15"
    "@next/swc-linux-arm64-musl" "14.2.15"
    "@next/swc-linux-x64-gnu" "14.2.15"
    "@next/swc-linux-x64-musl" "14.2.15"
    "@next/swc-win32-arm64-msvc" "14.2.15"
    "@next/swc-win32-ia32-msvc" "14.2.15"
    "@next/swc-win32-x64-msvc" "14.2.15"

object-assign@^4.1.1:
  version "4.1.1"
  resolved "https://registry.yarnpkg.com/object-assign/-/object-assign-4.1.1.tgz#2109adc7965887cfc05cbbd442cac8bfbb360863"
  integrity sha1-IQmtx5ZYh8/AXLvUQsrIv7s2CGM=

picocolors@^1.0.0:
  version "1.1.1"
  resolved "https://registry.yarnpkg.com/picocolors/-/picocolors-1.1.1.tgz#3d321af3eab939b083c8f929a1d12cda81c26b6b"
  integrity sha512-xceH2snhtb5M9liqDsmEw56le376mTZkEX/jEb/RxNFyegNul7eNslCXP9FDj/Lcu0X8KEyMceP2ntpaHrDEVA==

postcss@8.4.31:
  version "8.4.31"
  resolved "https://registry.yarnpkg.com/postcss/-/postcss-8.4.31.tgz#92b451050a9f914da6755af352bdc0192508656d"
  integrity sha512-PS08Iboia9mts/2ygV3eLpY5ghnUcfLV/EXTOW1E2qYxJKGGBUtNjN76FYHnMs36RmARn41bC0AZmn+rR0OVpQ==
  dependencies:
    nanoid "^3.3.6"
    picocolors "^1.0.0"
    source-map-js "^1.0.2"

prettier@2.3.2:
  version "2.3.2"
  resolved "https://registry.yarnpkg.com/prettier/-/prettier-2.3.2.tgz#ef280a05ec253712e486233db5c6f23441e7342d"
  integrity sha512-lnJzDfJ66zkMy58OL5/NY5zp70S7Nz6KqcKkXYzn2tMVrNxvbqaBpg7H3qHaLxCJ5lNMsGuM8+ohS7cZrthdLQ==

prop-types@^15.5.7, prop-types@^15.6.2, prop-types@^15.7.2:
  version "15.8.1"
  resolved "https://registry.yarnpkg.com/prop-types/-/prop-types-15.8.1.tgz#67d87bf1a694f48435cf332c24af10214a3140b5"
  integrity sha512-oj87CgZICdulUohogVAR7AjlC0327U4el4L6eAvOqCeudMDVU0NThNaV+b9Df4dXgSP1gXMTnPdhfe/2qDH5cg==
  dependencies:
    loose-envify "^1.4.0"
    object-assign "^4.1.1"
    react-is "^16.13.1"

react-dom@^18.3.1:
  version "18.3.1"
  resolved "https://registry.yarnpkg.com/react-dom/-/react-dom-18.3.1.tgz#c2265d79511b57d479b3dd3fdfa51536494c5cb4"
  integrity sha512-5m4nQKp+rZRb09LNH59GM4BxTh9251/ylbKIbpe7TpGxfJ+9kv6BLkLBXIjjspbgbnIBNqlI23tRnTWT0snUIw==
  dependencies:
    loose-envify "^1.1.0"
    scheduler "^0.23.2"

react-fast-compare@^3.2.0:
  version "3.2.0"
  resolved "https://registry.yarnpkg.com/react-fast-compare/-/react-fast-compare-3.2.0.tgz#641a9da81b6a6320f270e89724fb45a0b39e43bb"
  integrity sha512-rtGImPZ0YyLrscKI9xTpV8psd6I8VAtjKCzQDlzyDvqJA8XOW78TXYQwNRNd8g8JZnDu8q9Fu/1v4HPAVwVdHA==

react-is@^16.13.1:
  version "16.13.1"
  resolved "https://registry.yarnpkg.com/react-is/-/react-is-16.13.1.tgz#789729a4dc36de2999dc156dd6c1d9c18cea56a4"
  integrity sha512-24e6ynE2H+OKt4kqsOvNd8kBpV65zoxbA4BVsEOB3ARVWQki/DHzaUoC5KuON/BiccDaCCTZBuOcfZs70kR8bQ==

react-transition-group@^4.4.1:
  version "4.4.2"
  resolved "https://registry.yarnpkg.com/react-transition-group/-/react-transition-group-4.4.2.tgz#8b59a56f09ced7b55cbd53c36768b922890d5470"
  integrity sha512-/RNYfRAMlZwDSr6z4zNKV6xu53/e2BuaBbGhbyYIXTrmgu/bGHzmqOs7mJSJBHy9Ud+ApHx3QjrkKSp1pxvlFg==
  dependencies:
    "@babel/runtime" "^7.5.5"
    dom-helpers "^5.0.1"
    loose-envify "^1.4.0"
    prop-types "^15.6.2"

react@^18.3.1:
  version "18.3.1"
  resolved "https://registry.yarnpkg.com/react/-/react-18.3.1.tgz#49ab892009c53933625bd16b2533fc754cab2891"
  integrity sha512-wS+hAgJShR0KhEvPJArfuPVN1+Hz1t0Y6n5jLrGQbkb4urgPE/0Rve+1kMB1v/oWgHgm4WIcV+i7F2pTVj+2iQ==
  dependencies:
    loose-envify "^1.1.0"

regenerator-runtime@^0.13.4:
  version "0.13.9"
  resolved "https://registry.yarnpkg.com/regenerator-runtime/-/regenerator-runtime-0.13.9.tgz#8925742a98ffd90814988d7566ad30ca3b263b52"
  integrity sha512-p3VT+cOEgxFsRRA9X4lkI1E+k2/CtnKtU4gcxyaCUreilL/vqI6CdZ3wxVUx3UOUg+gnUOQQcRI7BmSI656MYA==

scheduler@^0.23.2:
  version "0.23.2"
  resolved "https://registry.yarnpkg.com/scheduler/-/scheduler-0.23.2.tgz#414ba64a3b282892e944cf2108ecc078d115cdc3"
  integrity sha512-UOShsPwz7NrMUqhR6t0hWjFduvOzbtv7toDH1/hIrfRNIDBnnBWd0CwJTGvTpngVlmwGCdP9/Zl/tVrDqcuYzQ==
  dependencies:
    loose-envify "^1.1.0"

source-map-js@^1.0.2:
  version "1.2.1"
  resolved "https://registry.yarnpkg.com/source-map-js/-/source-map-js-1.2.1.tgz#1ce5650fddd87abc099eda37dcff024c2667ae46"
  integrity sha512-UXWMKhLOwVKb728IUtQPXxfYU+usdybtUrK/8uGE8CQMvrhOpwvzDBwj0QhSL7MQc7vIsISBG8VQ8+IDQxpfQA==

streamsearch@^1.1.0:
  version "1.1.0"
  resolved "https://registry.yarnpkg.com/streamsearch/-/streamsearch-1.1.0.tgz#404dd1e2247ca94af554e841a8ef0eaa238da764"
  integrity sha512-Mcc5wHehp9aXz1ax6bZUyY5afg9u2rv5cqQI3mRrYkGC8rW2hM02jWuwjtL++LS5qinSyhj2QfLyNsuc+VsExg==

styled-jsx@5.1.1:
  version "5.1.1"
  resolved "https://registry.yarnpkg.com/styled-jsx/-/styled-jsx-5.1.1.tgz#839a1c3aaacc4e735fed0781b8619ea5d0009d1f"
  integrity sha512-pW7uC1l4mBZ8ugbiZrcIsiIvVx1UmTfw7UkC3Um2tmfUq9Bhk8IiyEIPl6F8agHgjzku6j0xQEZbfA5uSgSaCw==
  dependencies:
    client-only "0.0.1"

tslib@^2.4.0:
  version "2.8.1"
  resolved "https://registry.yarnpkg.com/tslib/-/tslib-2.8.1.tgz#612efe4ed235d567e8aba5f2a5fab70280ade83f"
  integrity sha512-oJFu94HQb+KVduSUQL7wnpmqnfmLsOA/nAh6b6EH0wCEoK0/mPeXU6c3wKDV83MkOuHPRHtSXKKU99IBazS/2w==

typescript@^5.7.2:
  version "5.9.2"
  resolved "https://registry.yarnpkg.com/typescript/-/typescript-5.9.2.tgz#d93450cddec5154a2d5cabe3b8102b83316fb2a6"
  integrity sha512-CWBzXQrc/qOkhidw1OzBTQuYRbfyxDXJMVJ1XNwUHGROVmuaeiEm3OslpZ1RV96d7SKKjZKrSJu3+t/xlw3R9A==

ui-box@^5.4.1:
  version "5.4.1"
  resolved "https://registry.yarnpkg.com/ui-box/-/ui-box-5.4.1.tgz#34f497a143783a3513e850bd58379ac583e3f2fb"
  integrity sha512-5p+b6kSh1q/bptvLANuAusyB/3fGIvnw8w6rSZNPHckQ8UdPfjIK4DvinmMXRKgdniOba22h8ypVqtkJ9zK/iQ==
  dependencies:
    "@emotion/hash" "^0.7.1"
    inline-style-prefixer "^5.0.4"
    prop-types "^15.7.2"

undici-types@~7.12.0:
  version "7.12.0"
  resolved "https://registry.yarnpkg.com/undici-types/-/undici-types-7.12.0.tgz#15c5c7475c2a3ba30659529f5cdb4674b622fafb"
  integrity sha512-goOacqME2GYyOZZfb5Lgtu+1IDmAlAEu5xnD3+xTzS10hT0vzpf0SPjkXwAw9Jm+4n/mQGDP3LO8CPbYROeBfQ==
